
Microsoft Visual Studio Solution File, Format Version 12.00
# Visual Studio Version 17
VisualStudioVersion = 17.9.34714.143
MinimumVisualStudioVersion = 15.0.26124.0
Project("{9A19103F-16F7-4668-BE54-9A1E7A4F7556}") = "IntegrationTest", "IntegrationTest\IntegrationTest.csproj", "{9CF94616-6CD1-41E1-9666-E3CE592F9D88}"
EndProject
Project("{9A19103F-16F7-4668-BE54-9A1E7A4F7556}") = "MassTransit.Protobuf", "MassTransit.Protobuf\MassTransit.Protobuf.csproj", "{06CEDE53-4FF5-4C81-AE7F-672515566B48}"
EndProject
Project("{2150E333-8FDC-42A3-9474-1A3956D46DE8}") = "Solution Items", "Solution Items", "{997209EE-D4AF-4E1E-9A79-EFBC85D84BD4}"
	ProjectSection(SolutionItems) = preProject
		.editorconfig = .editorconfig
	EndProjectSection
EndProject
Global
	GlobalSection(SolutionConfigurationPlatforms) = preSolution
		Debug|Any CPU = Debug|Any CPU
		Debug|x64 = Debug|x64
		Debug|x86 = Debug|x86
		Release|Any CPU = Release|Any CPU
		Release|x64 = Release|x64
		Release|x86 = Release|x86
	EndGlobalSection
	GlobalSection(ProjectConfigurationPlatforms) = postSolution
		{9CF94616-6CD1-41E1-9666-E3CE592F9D88}.Debug|Any CPU.ActiveCfg = Debug|Any CPU
		{9CF94616-6CD1-41E1-9666-E3CE592F9D88}.Debug|Any CPU.Build.0 = Debug|Any CPU
		{9CF94616-6CD1-41E1-9666-E3CE592F9D88}.Debug|x64.ActiveCfg = Debug|Any CPU
		{9CF94616-6CD1-41E1-9666-E3CE592F9D88}.Debug|x64.Build.0 = Debug|Any CPU
		{9CF94616-6CD1-41E1-9666-E3CE592F9D88}.Debug|x86.ActiveCfg = Debug|Any CPU
		{9CF94616-6CD1-41E1-9666-E3CE592F9D88}.Debug|x86.Build.0 = Debug|Any CPU
		{9CF94616-6CD1-41E1-9666-E3CE592F9D88}.Release|Any CPU.ActiveCfg = Release|Any CPU
		{9CF94616-6CD1-41E1-9666-E3CE592F9D88}.Release|Any CPU.Build.0 = Release|Any CPU
		{9CF94616-6CD1-41E1-9666-E3CE592F9D88}.Release|x64.ActiveCfg = Release|Any CPU
		{9CF94616-6CD1-41E1-9666-E3CE592F9D88}.Release|x64.Build.0 = Release|Any CPU
		{9CF94616-6CD1-41E1-9666-E3CE592F9D88}.Release|x86.ActiveCfg = Release|Any CPU
		{9CF94616-6CD1-41E1-9666-E3CE592F9D88}.Release|x86.Build.0 = Release|Any CPU
		{06CEDE53-4FF5-4C81-AE7F-672515566B48}.Debug|Any CPU.ActiveCfg = Debug|Any CPU
		{06CEDE53-4FF5-4C81-AE7F-672515566B48}.Debug|Any CPU.Build.0 = Debug|Any CPU
		{06CEDE53-4FF5-4C81-AE7F-672515566B48}.Debug|x64.ActiveCfg = Debug|Any CPU
		{06CEDE53-4FF5-4C81-AE7F-672515566B48}.Debug|x64.Build.0 = Debug|Any CPU
		{06CEDE53-4FF5-4C81-AE7F-672515566B48}.Debug|x86.ActiveCfg = Debug|Any CPU
		{06CEDE53-4FF5-4C81-AE7F-672515566B48}.Debug|x86.Build.0 = Debug|Any CPU
		{06CEDE53-4FF5-4C81-AE7F-672515566B48}.Release|Any CPU.ActiveCfg = Release|Any CPU
		{06CEDE53-4FF5-4C81-AE7F-672515566B48}.Release|Any CPU.Build.0 = Release|Any CPU
		{06CEDE53-4FF5-4C81-AE7F-672515566B48}.Release|x64.ActiveCfg = Release|Any CPU
		{06CEDE53-4FF5-4C81-AE7F-672515566B48}.Release|x64.Build.0 = Release|Any CPU
		{06CEDE53-4FF5-4C81-AE7F-672515566B48}.Release|x86.ActiveCfg = Release|Any CPU
		{06CEDE53-4FF5-4C81-AE7F-672515566B48}.Release|x86.Build.0 = Release|Any CPU
	EndGlobalSection
	GlobalSection(SolutionProperties) = preSolution
		HideSolutionNode = FALSE
	EndGlobalSection
	GlobalSection(ExtensibilityGlobals) = postSolution
		SolutionGuid = {D22A025C-DF22-46A2-B5B5-C4CDEA7D1022}
	EndGlobalSection
EndGlobal
